
Microsoft Visual Studio Solution File, Format Version 12.00
# Visual Studio Version 17
VisualStudioVersion = 17.5.33627.172
MinimumVisualStudioVersion = 10.0.40219.1
Project("{FAE04EC0-301F-11D3-BF4B-00C04F79EFBC}") = "OTS.Core", "OTS.Core\OTS.Core.csproj", "{03600BB4-5C6A-470F-8D1D-61F8BC93C048}"
EndProject
Project("{FAE04EC0-301F-11D3-BF4B-00C04F79EFBC}") = "OTS.Infrastructure", "OTS.Infrastructure\OTS.Infrastructure.csproj", "{EA44060C-C8F8-4E94-A1F7-9B671789A343}"
EndProject
Project("{FAE04EC0-301F-11D3-BF4B-00C04F79EFBC}") = "OTS.WebAPIs", "OTS.WebAPIs\OTS.WebAPIs.csproj", "{BBD5914D-C715-44E6-BBE8-216670BEB560}"
EndProject
Project("{FAE04EC0-301F-11D3-BF4B-00C04F79EFBC}") = "OTS.Common", "OTS.Common\OTS.Common.csproj", "{6F26DC43-B7BF-49BA-88DB-9ED170043BD8}"
EndProject
Project("{FAE04EC0-301F-11D3-BF4B-00C04F79EFBC}") = "OTS.Repository", "OTS.Repository\OTS.Repository.csproj", "{18D2660F-2B74-415F-93AD-8502496EF13A}"
EndProject
Global
	GlobalSection(SolutionConfigurationPlatforms) = preSolution
		Debug|Any CPU = Debug|Any CPU
		Release|Any CPU = Release|Any CPU
	EndGlobalSection
	GlobalSection(ProjectConfigurationPlatforms) = postSolution
		{03600BB4-5C6A-470F-8D1D-61F8BC93C048}.Debug|Any CPU.ActiveCfg = Debug|Any CPU
		{03600BB4-5C6A-470F-8D1D-61F8BC93C048}.Debug|Any CPU.Build.0 = Debug|Any CPU
		{03600BB4-5C6A-470F-8D1D-61F8BC93C048}.Release|Any CPU.ActiveCfg = Release|Any CPU
		{03600BB4-5C6A-470F-8D1D-61F8BC93C048}.Release|Any CPU.Build.0 = Release|Any CPU
		{EA44060C-C8F8-4E94-A1F7-9B671789A343}.Debug|Any CPU.ActiveCfg = Debug|Any CPU
		{EA44060C-C8F8-4E94-A1F7-9B671789A343}.Debug|Any CPU.Build.0 = Debug|Any CPU
		{EA44060C-C8F8-4E94-A1F7-9B671789A343}.Release|Any CPU.ActiveCfg = Release|Any CPU
		{EA44060C-C8F8-4E94-A1F7-9B671789A343}.Release|Any CPU.Build.0 = Release|Any CPU
		{BBD5914D-C715-44E6-BBE8-216670BEB560}.Debug|Any CPU.ActiveCfg = Debug|Any CPU
		{BBD5914D-C715-44E6-BBE8-216670BEB560}.Debug|Any CPU.Build.0 = Debug|Any CPU
		{BBD5914D-C715-44E6-BBE8-216670BEB560}.Release|Any CPU.ActiveCfg = Release|Any CPU
		{BBD5914D-C715-44E6-BBE8-216670BEB560}.Release|Any CPU.Build.0 = Release|Any CPU
		{6F26DC43-B7BF-49BA-88DB-9ED170043BD8}.Debug|Any CPU.ActiveCfg = Debug|Any CPU
		{6F26DC43-B7BF-49BA-88DB-9ED170043BD8}.Debug|Any CPU.Build.0 = Debug|Any CPU
		{6F26DC43-B7BF-49BA-88DB-9ED170043BD8}.Release|Any CPU.ActiveCfg = Release|Any CPU
		{6F26DC43-B7BF-49BA-88DB-9ED170043BD8}.Release|Any CPU.Build.0 = Release|Any CPU
		{18D2660F-2B74-415F-93AD-8502496EF13A}.Debug|Any CPU.ActiveCfg = Debug|Any CPU
		{18D2660F-2B74-415F-93AD-8502496EF13A}.Debug|Any CPU.Build.0 = Debug|Any CPU
		{18D2660F-2B74-415F-93AD-8502496EF13A}.Release|Any CPU.ActiveCfg = Release|Any CPU
		{18D2660F-2B74-415F-93AD-8502496EF13A}.Release|Any CPU.Build.0 = Release|Any CPU
	EndGlobalSection
	GlobalSection(SolutionProperties) = preSolution
		HideSolutionNode = FALSE
	EndGlobalSection
	GlobalSection(ExtensibilityGlobals) = postSolution
		SolutionGuid = {63CC591B-9CD9-4BB3-B1D3-4A4F64B5ECB5}
	EndGlobalSection
EndGlobal
